
Microsoft Visual Studio Solution File, Format Version 12.00
# Visual Studio Version 16
VisualStudioVersion = 16.0.29806.167
MinimumVisualStudioVersion = 10.0.40219.1
Project("{FAE04EC0-301F-11D3-BF4B-00C04F79EFBC}") = "Practica 1", "Practica 1\Practica 1.csproj", "{A660A3C6-CA4E-42BC-B30F-8BBFB375A1F1}"
EndProject
Project("{FAE04EC0-301F-11D3-BF4B-00C04F79EFBC}") = "Practica 2", "Practica 2\Practica 2.csproj", "{96B87CC0-A6E7-4487-8C91-5A3AFD7718A4}"
EndProject
Project("{FAE04EC0-301F-11D3-BF4B-00C04F79EFBC}") = "Practica 3", "Practica 3\Practica 3.csproj", "{FECB3CF6-4672-44B4-81C2-315F7A295AE4}"
EndProject
Project("{FAE04EC0-301F-11D3-BF4B-00C04F79EFBC}") = "Practica 4", "Practica 4\Practica 4.csproj", "{C8BC4352-7B1E-452E-B7A2-AEFF7FF89669}"
EndProject
Global
	GlobalSection(SolutionConfigurationPlatforms) = preSolution
		Debug|Any CPU = Debug|Any CPU
		Release|Any CPU = Release|Any CPU
	EndGlobalSection
	GlobalSection(ProjectConfigurationPlatforms) = postSolution
		{A660A3C6-CA4E-42BC-B30F-8BBFB375A1F1}.Debug|Any CPU.ActiveCfg = Debug|Any CPU
		{A660A3C6-CA4E-42BC-B30F-8BBFB375A1F1}.Debug|Any CPU.Build.0 = Debug|Any CPU
		{A660A3C6-CA4E-42BC-B30F-8BBFB375A1F1}.Release|Any CPU.ActiveCfg = Release|Any CPU
		{A660A3C6-CA4E-42BC-B30F-8BBFB375A1F1}.Release|Any CPU.Build.0 = Release|Any CPU
		{96B87CC0-A6E7-4487-8C91-5A3AFD7718A4}.Debug|Any CPU.ActiveCfg = Debug|Any CPU
		{96B87CC0-A6E7-4487-8C91-5A3AFD7718A4}.Debug|Any CPU.Build.0 = Debug|Any CPU
		{96B87CC0-A6E7-4487-8C91-5A3AFD7718A4}.Release|Any CPU.ActiveCfg = Release|Any CPU
		{96B87CC0-A6E7-4487-8C91-5A3AFD7718A4}.Release|Any CPU.Build.0 = Release|Any CPU
		{FECB3CF6-4672-44B4-81C2-315F7A295AE4}.Debug|Any CPU.ActiveCfg = Debug|Any CPU
		{FECB3CF6-4672-44B4-81C2-315F7A295AE4}.Debug|Any CPU.Build.0 = Debug|Any CPU
		{FECB3CF6-4672-44B4-81C2-315F7A295AE4}.Release|Any CPU.ActiveCfg = Release|Any CPU
		{FECB3CF6-4672-44B4-81C2-315F7A295AE4}.Release|Any CPU.Build.0 = Release|Any CPU
		{C8BC4352-7B1E-452E-B7A2-AEFF7FF89669}.Debug|Any CPU.ActiveCfg = Debug|Any CPU
		{C8BC4352-7B1E-452E-B7A2-AEFF7FF89669}.Debug|Any CPU.Build.0 = Debug|Any CPU
		{C8BC4352-7B1E-452E-B7A2-AEFF7FF89669}.Release|Any CPU.ActiveCfg = Release|Any CPU
		{C8BC4352-7B1E-452E-B7A2-AEFF7FF89669}.Release|Any CPU.Build.0 = Release|Any CPU
	EndGlobalSection
	GlobalSection(SolutionProperties) = preSolution
		HideSolutionNode = FALSE
	EndGlobalSection
	GlobalSection(ExtensibilityGlobals) = postSolution
		SolutionGuid = {216F9858-FE0C-44A2-B949-109B79492009}
	EndGlobalSection
EndGlobal
